# THIS IS AN AUTOGENERATED FILE. DO NOT EDIT THIS FILE DIRECTLY.
# yarn lockfile v1


bootstrap@^5.3.0:
  version "5.3.6"
  resolved "https://registry.yarnpkg.com/bootstrap/-/bootstrap-5.3.6.tgz#fbd91ebaff093f5b191a1c01a8c866d24f9fa6e1"
  integrity sha512-jX0GAcRzvdwISuvArXn3m7KZscWWFAf1MKBcnzaN02qWMb3jpMoUX4/qgeiGzqyIb4ojulRzs89UCUmGcFSzTA==

neo-async@^2.6.2:
  version "2.6.2"
  resolved "https://registry.yarnpkg.com/neo-async/-/neo-async-2.6.2.tgz#b4aafb93e3aeb2d8174ca53cf163ab7d7308305f"
  integrity sha512-Yd3UES5mWCSqR+qNT93S3UoYUkqAZ9lLg8a7g9rimsWmYGK8cVToA4/sF3RrshdyV3sAGMXVUmpMYOw+dLpOuw==

sass-loader@^13.3.2:
  version "13.3.3"
  resolved "https://registry.yarnpkg.com/sass-loader/-/sass-loader-13.3.3.tgz#60df5e858788cffb1a3215e5b92e9cba61e7e133"
  integrity sha512-mt5YN2F1MOZr3d/wBRcZxeFgwgkH44wVc2zohO2YF6JiOMkiXe4BYRZpSu2sO1g71mo/j16txzUhsKZlqjVGzA==
  dependencies:
    neo-async "^2.6.2"
