# THIS IS AN AUTOGENERATED FILE. DO NOT EDIT THIS FILE DIRECTLY.
# yarn lockfile v1


bootstrap@^5.3.0:
  version "5.3.5"
  resolved "https://registry.yarnpkg.com/bootstrap/-/bootstrap-5.3.5.tgz#be42cfe0d580e97ee1abb7d38ce94f5c393c9bb6"
  integrity sha512-ct1CHKtiobRimyGzmsSldEtM03E8fcEX4Tb3dGXz1V8faRwM50+vfHwTzOxB3IlKO7m+9vTH3s/3C6T2EAPeTA==

neo-async@^2.6.2:
  version "2.6.2"
  resolved "https://registry.yarnpkg.com/neo-async/-/neo-async-2.6.2.tgz#b4aafb93e3aeb2d8174ca53cf163ab7d7308305f"
  integrity sha512-Yd3UES5mWCSqR+qNT93S3UoYUkqAZ9lLg8a7g9rimsWmYGK8cVToA4/sF3RrshdyV3sAGMXVUmpMYOw+dLpOuw==

sass-loader@^13.3.2:
  version "13.3.3"
  resolved "https://registry.yarnpkg.com/sass-loader/-/sass-loader-13.3.3.tgz#60df5e858788cffb1a3215e5b92e9cba61e7e133"
  integrity sha512-mt5YN2F1MOZr3d/wBRcZxeFgwgkH44wVc2zohO2YF6JiOMkiXe4BYRZpSu2sO1g71mo/j16txzUhsKZlqjVGzA==
  dependencies:
    neo-async "^2.6.2"
