# THIS IS AN AUTOGENERATED FILE. DO NOT EDIT THIS FILE DIRECTLY.
# yarn lockfile v1


bootstrap@^5.3.0:
  version "5.3.0"
  resolved "https://registry.yarnpkg.com/bootstrap/-/bootstrap-5.3.0.tgz#0718a7cc29040ee8dbf1bd652b896f3436a87c29"
  integrity sha512-UnBV3E3v4STVNQdms6jSGO2CvOkjUMdDAVR2V5N4uCMdaIkaQjbcEAMqRimDHIs4uqBYzDAKCQwCB+97tJgHQw==

neo-async@^2.6.2:
  version "2.6.2"
  resolved "https://registry.yarnpkg.com/neo-async/-/neo-async-2.6.2.tgz#b4aafb93e3aeb2d8174ca53cf163ab7d7308305f"
  integrity sha512-Yd3UES5mWCSqR+qNT93S3UoYUkqAZ9lLg8a7g9rimsWmYGK8cVToA4/sF3RrshdyV3sAGMXVUmpMYOw+dLpOuw==

sass-loader@^13.3.2:
  version "13.3.2"
  resolved "https://registry.yarnpkg.com/sass-loader/-/sass-loader-13.3.2.tgz#460022de27aec772480f03de17f5ba88fa7e18c6"
  integrity sha512-CQbKl57kdEv+KDLquhC+gE3pXt74LEAzm+tzywcA0/aHZuub8wTErbjAoNI57rPUWRYRNC5WUnNl8eGJNbDdwg==
  dependencies:
    neo-async "^2.6.2"
